
Microsoft Visual Studio Solution File, Format Version 12.00
# Visual Studio Version 17
VisualStudioVersion = 17.6.33801.468
MinimumVisualStudioVersion = 10.0.40219.1
Project("{FAE04EC0-301F-11D3-BF4B-00C04F79EFBC}") = "disVj1", "disVj1.csproj", "{1ED06C93-701E-4AAC-9621-46638DFF90DF}"
EndProject
Global
	GlobalSection(SolutionConfigurationPlatforms) = preSolution
		Debug|Any CPU = Debug|Any CPU
		Release|Any CPU = Release|Any CPU
	EndGlobalSection
	GlobalSection(ProjectConfigurationPlatforms) = postSolution
		{1ED06C93-701E-4AAC-9621-46638DFF90DF}.Debug|Any CPU.ActiveCfg = Debug|Any CPU
		{1ED06C93-701E-4AAC-9621-46638DFF90DF}.Debug|Any CPU.Build.0 = Debug|Any CPU
		{1ED06C93-701E-4AAC-9621-46638DFF90DF}.Release|Any CPU.ActiveCfg = Release|Any CPU
		{1ED06C93-701E-4AAC-9621-46638DFF90DF}.Release|Any CPU.Build.0 = Release|Any CPU
	EndGlobalSection
	GlobalSection(SolutionProperties) = preSolution
		HideSolutionNode = FALSE
	EndGlobalSection
	GlobalSection(ExtensibilityGlobals) = postSolution
		SolutionGuid = {5BF346A2-1749-4B97-8429-3C4B56D5A5C9}
	EndGlobalSection
EndGlobal
